
Microsoft Visual Studio Solution File, Format Version 12.00
# Visual Studio Version 17
VisualStudioVersion = 17.13.35931.197 d17.13
MinimumVisualStudioVersion = 10.0.40219.1
Project("{FAE04EC0-301F-11D3-BF4B-00C04F79EFBC}") = "WebApplication", "WebApplication\WebApplication.csproj", "{A6747A0F-CFC2-49E0-BFAF-3A5DCFBE2038}"
EndProject
Global
	GlobalSection(SolutionConfigurationPlatforms) = preSolution
		Debug|Any CPU = Debug|Any CPU
		Release|Any CPU = Release|Any CPU
	EndGlobalSection
	GlobalSection(ProjectConfigurationPlatforms) = postSolution
		{A6747A0F-CFC2-49E0-BFAF-3A5DCFBE2038}.Debug|Any CPU.ActiveCfg = Debug|Any CPU
		{A6747A0F-CFC2-49E0-BFAF-3A5DCFBE2038}.Debug|Any CPU.Build.0 = Debug|Any CPU
		{A6747A0F-CFC2-49E0-BFAF-3A5DCFBE2038}.Release|Any CPU.ActiveCfg = Release|Any CPU
		{A6747A0F-CFC2-49E0-BFAF-3A5DCFBE2038}.Release|Any CPU.Build.0 = Release|Any CPU
	EndGlobalSection
	GlobalSection(SolutionProperties) = preSolution
		HideSolutionNode = FALSE
	EndGlobalSection
	GlobalSection(ExtensibilityGlobals) = postSolution
		SolutionGuid = {D558F814-37ED-4C7C-8D3D-5A25E488B5CD}
	EndGlobalSection
EndGlobal
